dependencies:
- name: forum-api
  repository: https://bcgov.github.io/helm-charts/
  version: 0.1.0
- name: formio
  repository: https://bcgov.github.io/helm-charts/
  version: 0.1.0
- name: storage-api
  repository: https://bcgov.github.io/helm-charts/
  version: 0.1.0
digest: sha256:aefbfaf4942149be730754ebdbb3d0e4ed10387c71e34a60796f890f544ccbec
generated: "2020-04-27T14:38:43.674193-07:00"
